
Microsoft Visual Studio Solution File, Format Version 12.00
# Visual Studio 15
VisualStudioVersion = 15.0.27130.2036
MinimumVisualStudioVersion = 10.0.40219.1
Project("{FAE04EC0-301F-11D3-BF4B-00C04F79EFBC}") = "bp.shared", "bp.shared\bp.shared.csproj", "{70DCA44B-805D-4128-830D-BA80386E7FC1}"
EndProject
Global
	GlobalSection(SolutionConfigurationPlatforms) = preSolution
		Debug|Any CPU = Debug|Any CPU
		Release|Any CPU = Release|Any CPU
	EndGlobalSection
	GlobalSection(ProjectConfigurationPlatforms) = postSolution
		{70DCA44B-805D-4128-830D-BA80386E7FC1}.Debug|Any CPU.ActiveCfg = Debug|Any CPU
		{70DCA44B-805D-4128-830D-BA80386E7FC1}.Debug|Any CPU.Build.0 = Debug|Any CPU
		{70DCA44B-805D-4128-830D-BA80386E7FC1}.Release|Any CPU.ActiveCfg = Release|Any CPU
		{70DCA44B-805D-4128-830D-BA80386E7FC1}.Release|Any CPU.Build.0 = Release|Any CPU
	EndGlobalSection
	GlobalSection(SolutionProperties) = preSolution
		HideSolutionNode = FALSE
	EndGlobalSection
	GlobalSection(ExtensibilityGlobals) = postSolution
		SolutionGuid = {E78CF7F9-6380-4D8F-A722-4245A1F7E74C}
	EndGlobalSection
EndGlobal
